
Microsoft Visual Studio Solution File, Format Version 12.00
# Visual Studio 14
VisualStudioVersion = 14.0.25420.1
MinimumVisualStudioVersion = 10.0.40219.1
Project("{FAE04EC0-301F-11D3-BF4B-00C04F79EFBC}") = "MusicPlayerApp.Droid", "MusicPlayerApp\MusicPlayerApp.Droid\MusicPlayerApp.Droid.csproj", "{ED0C29B9-92D6-4185-ABE8-4CEBDD50EEE3}"
EndProject
Project("{FAE04EC0-301F-11D3-BF4B-00C04F79EFBC}") = "MusicPlayerApp.iOS", "MusicPlayerApp\MusicPlayerApp.iOS\MusicPlayerApp.iOS.csproj", "{670777E7-7329-4A41-B8BA-076204BBE935}"
EndProject
Project("{FAE04EC0-301F-11D3-BF4B-00C04F79EFBC}") = "MusicPlayerApp.WinPhone", "MusicPlayerApp\MusicPlayerApp.WinPhone\MusicPlayerApp.WinPhone.csproj", "{E9E1C34D-4B92-4149-A04B-E1BEE3FA7A67}"
EndProject
Project("{FAE04EC0-301F-11D3-BF4B-00C04F79EFBC}") = "MusicPlayerApp.Windows", "MusicPlayerApp\MusicPlayerApp.Windows\MusicPlayerApp.Windows.csproj", "{52BF3C47-E28A-4A41-B3A6-73860D5962B0}"
EndProject
Project("{FAE04EC0-301F-11D3-BF4B-00C04F79EFBC}") = "MusicPlayerApp", "MusicPlayerApp\MusicPlayerApp\MusicPlayerApp.csproj", "{9C94F49A-0F6A-4A7A-AF45-942623FA3BFC}"
EndProject
Global
	GlobalSection(SolutionConfigurationPlatforms) = preSolution
		Ad-Hoc|Any CPU = Ad-Hoc|Any CPU
		Ad-Hoc|ARM = Ad-Hoc|ARM
		Ad-Hoc|iPhone = Ad-Hoc|iPhone
		Ad-Hoc|iPhoneSimulator = Ad-Hoc|iPhoneSimulator
		Ad-Hoc|x64 = Ad-Hoc|x64
		Ad-Hoc|x86 = Ad-Hoc|x86
		AppStore|Any CPU = AppStore|Any CPU
		AppStore|ARM = AppStore|ARM
		AppStore|iPhone = AppStore|iPhone
		AppStore|iPhoneSimulator = AppStore|iPhoneSimulator
		AppStore|x64 = AppStore|x64
		AppStore|x86 = AppStore|x86
		Debug|Any CPU = Debug|Any CPU
		Debug|ARM = Debug|ARM
		Debug|iPhone = Debug|iPhone
		Debug|iPhoneSimulator = Debug|iPhoneSimulator
		Debug|x64 = Debug|x64
		Debug|x86 = Debug|x86
		Release|Any CPU = Release|Any CPU
		Release|ARM = Release|ARM
		Release|iPhone = Release|iPhone
		Release|iPhoneSimulator = Release|iPhoneSimulator
		Release|x64 = Release|x64
		Release|x86 = Release|x86
	EndGlobalSection
	GlobalSection(ProjectConfigurationPlatforms) = postSolution
		{ED0C29B9-92D6-4185-ABE8-4CEBDD50EEE3}.Ad-Hoc|Any CPU.ActiveCfg = Release|Any CPU
		{ED0C29B9-92D6-4185-ABE8-4CEBDD50EEE3}.Ad-Hoc|Any CPU.Build.0 = Release|Any CPU
		{ED0C29B9-92D6-4185-ABE8-4CEBDD50EEE3}.Ad-Hoc|Any CPU.Deploy.0 = Release|Any CPU
		{ED0C29B9-92D6-4185-ABE8-4CEBDD50EEE3}.Ad-Hoc|ARM.ActiveCfg = Release|Any CPU
		{ED0C29B9-92D6-4185-ABE8-4CEBDD50EEE3}.Ad-Hoc|ARM.Build.0 = Release|Any CPU
		{ED0C29B9-92D6-4185-ABE8-4CEBDD50EEE3}.Ad-Hoc|ARM.Deploy.0 = Release|Any CPU
		{ED0C29B9-92D6-4185-ABE8-4CEBDD50EEE3}.Ad-Hoc|iPhone.ActiveCfg = Release|Any CPU
		{ED0C29B9-92D6-4185-ABE8-4CEBDD50EEE3}.Ad-Hoc|iPhone.Build.0 = Release|Any CPU
		{ED0C29B9-92D6-4185-ABE8-4CEBDD50EEE3}.Ad-Hoc|iPhone.Deploy.0 = Release|Any CPU
		{ED0C29B9-92D6-4185-ABE8-4CEBDD50EEE3}.Ad-Hoc|iPhoneSimulator.ActiveCfg = Release|Any CPU
		{ED0C29B9-92D6-4185-ABE8-4CEBDD50EEE3}.Ad-Hoc|iPhoneSimulator.Build.0 = Release|Any CPU
		{ED0C29B9-92D6-4185-ABE8-4CEBDD50EEE3}.Ad-Hoc|iPhoneSimulator.Deploy.0 = Release|Any CPU
		{ED0C29B9-92D6-4185-ABE8-4CEBDD50EEE3}.Ad-Hoc|x64.ActiveCfg = Release|Any CPU
		{ED0C29B9-92D6-4185-ABE8-4CEBDD50EEE3}.Ad-Hoc|x64.Build.0 = Release|Any CPU
		{ED0C29B9-92D6-4185-ABE8-4CEBDD50EEE3}.Ad-Hoc|x64.Deploy.0 = Release|Any CPU
		{ED0C29B9-92D6-4185-ABE8-4CEBDD50EEE3}.Ad-Hoc|x86.ActiveCfg = Release|Any CPU
		{ED0C29B9-92D6-4185-ABE8-4CEBDD50EEE3}.Ad-Hoc|x86.Build.0 = Release|Any CPU
		{ED0C29B9-92D6-4185-ABE8-4CEBDD50EEE3}.Ad-Hoc|x86.Deploy.0 = Release|Any CPU
		{ED0C29B9-92D6-4185-ABE8-4CEBDD50EEE3}.AppStore|Any CPU.ActiveCfg = Release|Any CPU
		{ED0C29B9-92D6-4185-ABE8-4CEBDD50EEE3}.AppStore|Any CPU.Build.0 = Release|Any CPU
		{ED0C29B9-92D6-4185-ABE8-4CEBDD50EEE3}.AppStore|Any CPU.Deploy.0 = Release|Any CPU
		{ED0C29B9-92D6-4185-ABE8-4CEBDD50EEE3}.AppStore|ARM.ActiveCfg = Release|Any CPU
		{ED0C29B9-92D6-4185-ABE8-4CEBDD50EEE3}.AppStore|ARM.Build.0 = Release|Any CPU
		{ED0C29B9-92D6-4185-ABE8-4CEBDD50EEE3}.AppStore|ARM.Deploy.0 = Release|Any CPU
		{ED0C29B9-92D6-4185-ABE8-4CEBDD50EEE3}.AppStore|iPhone.ActiveCfg = Release|Any CPU
		{ED0C29B9-92D6-4185-ABE8-4CEBDD50EEE3}.AppStore|iPhone.Build.0 = Release|Any CPU
		{ED0C29B9-92D6-4185-ABE8-4CEBDD50EEE3}.AppStore|iPhone.Deploy.0 = Release|Any CPU
		{ED0C29B9-92D6-4185-ABE8-4CEBDD50EEE3}.AppStore|iPhoneSimulator.ActiveCfg = Release|Any CPU
		{ED0C29B9-92D6-4185-ABE8-4CEBDD50EEE3}.AppStore|iPhoneSimulator.Build.0 = Release|Any CPU
		{ED0C29B9-92D6-4185-ABE8-4CEBDD50EEE3}.AppStore|iPhoneSimulator.Deploy.0 = Release|Any CPU
		{ED0C29B9-92D6-4185-ABE8-4CEBDD50EEE3}.AppStore|x64.ActiveCfg = Release|Any CPU
		{ED0C29B9-92D6-4185-ABE8-4CEBDD50EEE3}.AppStore|x64.Build.0 = Release|Any CPU
		{ED0C29B9-92D6-4185-ABE8-4CEBDD50EEE3}.AppStore|x64.Deploy.0 = Release|Any CPU
		{ED0C29B9-92D6-4185-ABE8-4CEBDD50EEE3}.AppStore|x86.ActiveCfg = Release|Any CPU
		{ED0C29B9-92D6-4185-ABE8-4CEBDD50EEE3}.AppStore|x86.Build.0 = Release|Any CPU
		{ED0C29B9-92D6-4185-ABE8-4CEBDD50EEE3}.AppStore|x86.Deploy.0 = Release|Any CPU
		{ED0C29B9-92D6-4185-ABE8-4CEBDD50EEE3}.Debug|Any CPU.ActiveCfg = Debug|Any CPU
		{ED0C29B9-92D6-4185-ABE8-4CEBDD50EEE3}.Debug|Any CPU.Build.0 = Debug|Any CPU
		{ED0C29B9-92D6-4185-ABE8-4CEBDD50EEE3}.Debug|Any CPU.Deploy.0 = Debug|Any CPU
		{ED0C29B9-92D6-4185-ABE8-4CEBDD50EEE3}.Debug|ARM.ActiveCfg = Debug|Any CPU
		{ED0C29B9-92D6-4185-ABE8-4CEBDD50EEE3}.Debug|ARM.Build.0 = Debug|Any CPU
		{ED0C29B9-92D6-4185-ABE8-4CEBDD50EEE3}.Debug|ARM.Deploy.0 = Debug|Any CPU
		{ED0C29B9-92D6-4185-ABE8-4CEBDD50EEE3}.Debug|iPhone.ActiveCfg = Debug|Any CPU
		{ED0C29B9-92D6-4185-ABE8-4CEBDD50EEE3}.Debug|iPhone.Build.0 = Debug|Any CPU
		{ED0C29B9-92D6-4185-ABE8-4CEBDD50EEE3}.Debug|iPhone.Deploy.0 = Debug|Any CPU
		{ED0C29B9-92D6-4185-ABE8-4CEBDD50EEE3}.Debug|iPhoneSimulator.ActiveCfg = Debug|Any CPU
		{ED0C29B9-92D6-4185-ABE8-4CEBDD50EEE3}.Debug|iPhoneSimulator.Build.0 = Debug|Any CPU
		{ED0C29B9-92D6-4185-ABE8-4CEBDD50EEE3}.Debug|iPhoneSimulator.Deploy.0 = Debug|Any CPU
		{ED0C29B9-92D6-4185-ABE8-4CEBDD50EEE3}.Debug|x64.ActiveCfg = Debug|Any CPU
		{ED0C29B9-92D6-4185-ABE8-4CEBDD50EEE3}.Debug|x64.Build.0 = Debug|Any CPU
		{ED0C29B9-92D6-4185-ABE8-4CEBDD50EEE3}.Debug|x64.Deploy.0 = Debug|Any CPU
		{ED0C29B9-92D6-4185-ABE8-4CEBDD50EEE3}.Debug|x86.ActiveCfg = Debug|Any CPU
		{ED0C29B9-92D6-4185-ABE8-4CEBDD50EEE3}.Debug|x86.Build.0 = Debug|Any CPU
		{ED0C29B9-92D6-4185-ABE8-4CEBDD50EEE3}.Debug|x86.Deploy.0 = Debug|Any CPU
		{ED0C29B9-92D6-4185-ABE8-4CEBDD50EEE3}.Release|Any CPU.ActiveCfg = Release|Any CPU
		{ED0C29B9-92D6-4185-ABE8-4CEBDD50EEE3}.Release|Any CPU.Build.0 = Release|Any CPU
		{ED0C29B9-92D6-4185-ABE8-4CEBDD50EEE3}.Release|Any CPU.Deploy.0 = Release|Any CPU
		{ED0C29B9-92D6-4185-ABE8-4CEBDD50EEE3}.Release|ARM.ActiveCfg = Release|Any CPU
		{ED0C29B9-92D6-4185-ABE8-4CEBDD50EEE3}.Release|ARM.Build.0 = Release|Any CPU
		{ED0C29B9-92D6-4185-ABE8-4CEBDD50EEE3}.Release|ARM.Deploy.0 = Release|Any CPU
		{ED0C29B9-92D6-4185-ABE8-4CEBDD50EEE3}.Release|iPhone.ActiveCfg = Release|Any CPU
		{ED0C29B9-92D6-4185-ABE8-4CEBDD50EEE3}.Release|iPhone.Build.0 = Release|Any CPU
		{ED0C29B9-92D6-4185-ABE8-4CEBDD50EEE3}.Release|iPhone.Deploy.0 = Release|Any CPU
		{ED0C29B9-92D6-4185-ABE8-4CEBDD50EEE3}.Release|iPhoneSimulator.ActiveCfg = Release|Any CPU
		{ED0C29B9-92D6-4185-ABE8-4CEBDD50EEE3}.Release|iPhoneSimulator.Build.0 = Release|Any CPU
		{ED0C29B9-92D6-4185-ABE8-4CEBDD50EEE3}.Release|iPhoneSimulator.Deploy.0 = Release|Any CPU
		{ED0C29B9-92D6-4185-ABE8-4CEBDD50EEE3}.Release|x64.ActiveCfg = Release|Any CPU
		{ED0C29B9-92D6-4185-ABE8-4CEBDD50EEE3}.Release|x64.Build.0 = Release|Any CPU
		{ED0C29B9-92D6-4185-ABE8-4CEBDD50EEE3}.Release|x64.Deploy.0 = Release|Any CPU
		{ED0C29B9-92D6-4185-ABE8-4CEBDD50EEE3}.Release|x86.ActiveCfg = Release|Any CPU
		{ED0C29B9-92D6-4185-ABE8-4CEBDD50EEE3}.Release|x86.Build.0 = Release|Any CPU
		{ED0C29B9-92D6-4185-ABE8-4CEBDD50EEE3}.Release|x86.Deploy.0 = Release|Any CPU
		{670777E7-7329-4A41-B8BA-076204BBE935}.Ad-Hoc|Any CPU.ActiveCfg = Ad-Hoc|iPhone
		{670777E7-7329-4A41-B8BA-076204BBE935}.Ad-Hoc|ARM.ActiveCfg = Ad-Hoc|iPhone
		{670777E7-7329-4A41-B8BA-076204BBE935}.Ad-Hoc|iPhone.ActiveCfg = Ad-Hoc|iPhone
		{670777E7-7329-4A41-B8BA-076204BBE935}.Ad-Hoc|iPhone.Build.0 = Ad-Hoc|iPhone
		{670777E7-7329-4A41-B8BA-076204BBE935}.Ad-Hoc|iPhoneSimulator.ActiveCfg = Ad-Hoc|iPhoneSimulator
		{670777E7-7329-4A41-B8BA-076204BBE935}.Ad-Hoc|iPhoneSimulator.Build.0 = Ad-Hoc|iPhoneSimulator
		{670777E7-7329-4A41-B8BA-076204BBE935}.Ad-Hoc|x64.ActiveCfg = Ad-Hoc|iPhone
		{670777E7-7329-4A41-B8BA-076204BBE935}.Ad-Hoc|x86.ActiveCfg = Ad-Hoc|iPhone
		{670777E7-7329-4A41-B8BA-076204BBE935}.AppStore|Any CPU.ActiveCfg = AppStore|iPhone
		{670777E7-7329-4A41-B8BA-076204BBE935}.AppStore|ARM.ActiveCfg = AppStore|iPhone
		{670777E7-7329-4A41-B8BA-076204BBE935}.AppStore|iPhone.ActiveCfg = AppStore|iPhone
		{670777E7-7329-4A41-B8BA-076204BBE935}.AppStore|iPhone.Build.0 = AppStore|iPhone
		{670777E7-7329-4A41-B8BA-076204BBE935}.AppStore|iPhoneSimulator.ActiveCfg = AppStore|iPhoneSimulator
		{670777E7-7329-4A41-B8BA-076204BBE935}.AppStore|iPhoneSimulator.Build.0 = AppStore|iPhoneSimulator
		{670777E7-7329-4A41-B8BA-076204BBE935}.AppStore|x64.ActiveCfg = AppStore|iPhone
		{670777E7-7329-4A41-B8BA-076204BBE935}.AppStore|x86.ActiveCfg = AppStore|iPhone
		{670777E7-7329-4A41-B8BA-076204BBE935}.Debug|Any CPU.ActiveCfg = Debug|iPhone
		{670777E7-7329-4A41-B8BA-076204BBE935}.Debug|ARM.ActiveCfg = Debug|iPhone
		{670777E7-7329-4A41-B8BA-076204BBE935}.Debug|iPhone.ActiveCfg = Debug|iPhone
		{670777E7-7329-4A41-B8BA-076204BBE935}.Debug|iPhone.Build.0 = Debug|iPhone
		{670777E7-7329-4A41-B8BA-076204BBE935}.Debug|iPhoneSimulator.ActiveCfg = Debug|iPhoneSimulator
		{670777E7-7329-4A41-B8BA-076204BBE935}.Debug|iPhoneSimulator.Build.0 = Debug|iPhoneSimulator
		{670777E7-7329-4A41-B8BA-076204BBE935}.Debug|x64.ActiveCfg = Debug|iPhone
		{670777E7-7329-4A41-B8BA-076204BBE935}.Debug|x86.ActiveCfg = Debug|iPhone
		{670777E7-7329-4A41-B8BA-076204BBE935}.Release|Any CPU.ActiveCfg = Release|iPhone
		{670777E7-7329-4A41-B8BA-076204BBE935}.Release|ARM.ActiveCfg = Release|iPhone
		{670777E7-7329-4A41-B8BA-076204BBE935}.Release|iPhone.ActiveCfg = Release|iPhone
		{670777E7-7329-4A41-B8BA-076204BBE935}.Release|iPhone.Build.0 = Release|iPhone
		{670777E7-7329-4A41-B8BA-076204BBE935}.Release|iPhoneSimulator.ActiveCfg = Release|iPhoneSimulator
		{670777E7-7329-4A41-B8BA-076204BBE935}.Release|iPhoneSimulator.Build.0 = Release|iPhoneSimulator
		{670777E7-7329-4A41-B8BA-076204BBE935}.Release|x64.ActiveCfg = Release|iPhone
		{670777E7-7329-4A41-B8BA-076204BBE935}.Release|x86.ActiveCfg = Release|iPhone
		{E9E1C34D-4B92-4149-A04B-E1BEE3FA7A67}.Ad-Hoc|Any CPU.ActiveCfg = Release|Any CPU
		{E9E1C34D-4B92-4149-A04B-E1BEE3FA7A67}.Ad-Hoc|Any CPU.Build.0 = Release|Any CPU
		{E9E1C34D-4B92-4149-A04B-E1BEE3FA7A67}.Ad-Hoc|Any CPU.Deploy.0 = Release|Any CPU
		{E9E1C34D-4B92-4149-A04B-E1BEE3FA7A67}.Ad-Hoc|ARM.ActiveCfg = Release|ARM
		{E9E1C34D-4B92-4149-A04B-E1BEE3FA7A67}.Ad-Hoc|ARM.Build.0 = Release|ARM
		{E9E1C34D-4B92-4149-A04B-E1BEE3FA7A67}.Ad-Hoc|ARM.Deploy.0 = Release|ARM
		{E9E1C34D-4B92-4149-A04B-E1BEE3FA7A67}.Ad-Hoc|iPhone.ActiveCfg = Release|Any CPU
		{E9E1C34D-4B92-4149-A04B-E1BEE3FA7A67}.Ad-Hoc|iPhone.Build.0 = Release|Any CPU
		{E9E1C34D-4B92-4149-A04B-E1BEE3FA7A67}.Ad-Hoc|iPhone.Deploy.0 = Release|Any CPU
		{E9E1C34D-4B92-4149-A04B-E1BEE3FA7A67}.Ad-Hoc|iPhoneSimulator.ActiveCfg = Release|Any CPU
		{E9E1C34D-4B92-4149-A04B-E1BEE3FA7A67}.Ad-Hoc|iPhoneSimulator.Build.0 = Release|Any CPU
		{E9E1C34D-4B92-4149-A04B-E1BEE3FA7A67}.Ad-Hoc|iPhoneSimulator.Deploy.0 = Release|Any CPU
		{E9E1C34D-4B92-4149-A04B-E1BEE3FA7A67}.Ad-Hoc|x64.ActiveCfg = Release|Any CPU
		{E9E1C34D-4B92-4149-A04B-E1BEE3FA7A67}.Ad-Hoc|x64.Build.0 = Release|Any CPU
		{E9E1C34D-4B92-4149-A04B-E1BEE3FA7A67}.Ad-Hoc|x64.Deploy.0 = Release|Any CPU
		{E9E1C34D-4B92-4149-A04B-E1BEE3FA7A67}.Ad-Hoc|x86.ActiveCfg = Release|x86
		{E9E1C34D-4B92-4149-A04B-E1BEE3FA7A67}.Ad-Hoc|x86.Build.0 = Release|x86
		{E9E1C34D-4B92-4149-A04B-E1BEE3FA7A67}.Ad-Hoc|x86.Deploy.0 = Release|x86
		{E9E1C34D-4B92-4149-A04B-E1BEE3FA7A67}.AppStore|Any CPU.ActiveCfg = Release|Any CPU
		{E9E1C34D-4B92-4149-A04B-E1BEE3FA7A67}.AppStore|Any CPU.Build.0 = Release|Any CPU
		{E9E1C34D-4B92-4149-A04B-E1BEE3FA7A67}.AppStore|Any CPU.Deploy.0 = Release|Any CPU
		{E9E1C34D-4B92-4149-A04B-E1BEE3FA7A67}.AppStore|ARM.ActiveCfg = Release|ARM
		{E9E1C34D-4B92-4149-A04B-E1BEE3FA7A67}.AppStore|ARM.Build.0 = Release|ARM
		{E9E1C34D-4B92-4149-A04B-E1BEE3FA7A67}.AppStore|ARM.Deploy.0 = Release|ARM
		{E9E1C34D-4B92-4149-A04B-E1BEE3FA7A67}.AppStore|iPhone.ActiveCfg = Release|Any CPU
		{E9E1C34D-4B92-4149-A04B-E1BEE3FA7A67}.AppStore|iPhone.Build.0 = Release|Any CPU
		{E9E1C34D-4B92-4149-A04B-E1BEE3FA7A67}.AppStore|iPhone.Deploy.0 = Release|Any CPU
		{E9E1C34D-4B92-4149-A04B-E1BEE3FA7A67}.AppStore|iPhoneSimulator.ActiveCfg = Release|Any CPU
		{E9E1C34D-4B92-4149-A04B-E1BEE3FA7A67}.AppStore|iPhoneSimulator.Build.0 = Release|Any CPU
		{E9E1C34D-4B92-4149-A04B-E1BEE3FA7A67}.AppStore|iPhoneSimulator.Deploy.0 = Release|Any CPU
		{E9E1C34D-4B92-4149-A04B-E1BEE3FA7A67}.AppStore|x64.ActiveCfg = Release|Any CPU
		{E9E1C34D-4B92-4149-A04B-E1BEE3FA7A67}.AppStore|x64.Build.0 = Release|Any CPU
		{E9E1C34D-4B92-4149-A04B-E1BEE3FA7A67}.AppStore|x64.Deploy.0 = Release|Any CPU
		{E9E1C34D-4B92-4149-A04B-E1BEE3FA7A67}.AppStore|x86.ActiveCfg = Release|x86
		{E9E1C34D-4B92-4149-A04B-E1BEE3FA7A67}.AppStore|x86.Build.0 = Release|x86
		{E9E1C34D-4B92-4149-A04B-E1BEE3FA7A67}.AppStore|x86.Deploy.0 = Release|x86
		{E9E1C34D-4B92-4149-A04B-E1BEE3FA7A67}.Debug|Any CPU.ActiveCfg = Debug|Any CPU
		{E9E1C34D-4B92-4149-A04B-E1BEE3FA7A67}.Debug|Any CPU.Build.0 = Debug|Any CPU
		{E9E1C34D-4B92-4149-A04B-E1BEE3FA7A67}.Debug|Any CPU.Deploy.0 = Debug|Any CPU
		{E9E1C34D-4B92-4149-A04B-E1BEE3FA7A67}.Debug|ARM.ActiveCfg = Debug|ARM
		{E9E1C34D-4B92-4149-A04B-E1BEE3FA7A67}.Debug|ARM.Build.0 = Debug|ARM
		{E9E1C34D-4B92-4149-A04B-E1BEE3FA7A67}.Debug|ARM.Deploy.0 = Debug|ARM
		{E9E1C34D-4B92-4149-A04B-E1BEE3FA7A67}.Debug|iPhone.ActiveCfg = Debug|Any CPU
		{E9E1C34D-4B92-4149-A04B-E1BEE3FA7A67}.Debug|iPhone.Build.0 = Debug|Any CPU
		{E9E1C34D-4B92-4149-A04B-E1BEE3FA7A67}.Debug|iPhone.Deploy.0 = Debug|Any CPU
		{E9E1C34D-4B92-4149-A04B-E1BEE3FA7A67}.Debug|iPhoneSimulator.ActiveCfg = Debug|Any CPU
		{E9E1C34D-4B92-4149-A04B-E1BEE3FA7A67}.Debug|iPhoneSimulator.Build.0 = Debug|Any CPU
		{E9E1C34D-4B92-4149-A04B-E1BEE3FA7A67}.Debug|iPhoneSimulator.Deploy.0 = Debug|Any CPU
		{E9E1C34D-4B92-4149-A04B-E1BEE3FA7A67}.Debug|x64.ActiveCfg = Debug|Any CPU
		{E9E1C34D-4B92-4149-A04B-E1BEE3FA7A67}.Debug|x64.Build.0 = Debug|Any CPU
		{E9E1C34D-4B92-4149-A04B-E1BEE3FA7A67}.Debug|x64.Deploy.0 = Debug|Any CPU
		{E9E1C34D-4B92-4149-A04B-E1BEE3FA7A67}.Debug|x86.ActiveCfg = Debug|x86
		{E9E1C34D-4B92-4149-A04B-E1BEE3FA7A67}.Debug|x86.Build.0 = Debug|x86
		{E9E1C34D-4B92-4149-A04B-E1BEE3FA7A67}.Debug|x86.Deploy.0 = Debug|x86
		{E9E1C34D-4B92-4149-A04B-E1BEE3FA7A67}.Release|Any CPU.ActiveCfg = Release|Any CPU
		{E9E1C34D-4B92-4149-A04B-E1BEE3FA7A67}.Release|Any CPU.Build.0 = Release|Any CPU
		{E9E1C34D-4B92-4149-A04B-E1BEE3FA7A67}.Release|Any CPU.Deploy.0 = Release|Any CPU
		{E9E1C34D-4B92-4149-A04B-E1BEE3FA7A67}.Release|ARM.ActiveCfg = Release|ARM
		{E9E1C34D-4B92-4149-A04B-E1BEE3FA7A67}.Release|ARM.Build.0 = Release|ARM
		{E9E1C34D-4B92-4149-A04B-E1BEE3FA7A67}.Release|ARM.Deploy.0 = Release|ARM
		{E9E1C34D-4B92-4149-A04B-E1BEE3FA7A67}.Release|iPhone.ActiveCfg = Release|Any CPU
		{E9E1C34D-4B92-4149-A04B-E1BEE3FA7A67}.Release|iPhone.Build.0 = Release|Any CPU
		{E9E1C34D-4B92-4149-A04B-E1BEE3FA7A67}.Release|iPhone.Deploy.0 = Release|Any CPU
		{E9E1C34D-4B92-4149-A04B-E1BEE3FA7A67}.Release|iPhoneSimulator.ActiveCfg = Release|Any CPU
		{E9E1C34D-4B92-4149-A04B-E1BEE3FA7A67}.Release|iPhoneSimulator.Build.0 = Release|Any CPU
		{E9E1C34D-4B92-4149-A04B-E1BEE3FA7A67}.Release|iPhoneSimulator.Deploy.0 = Release|Any CPU
		{E9E1C34D-4B92-4149-A04B-E1BEE3FA7A67}.Release|x64.ActiveCfg = Release|Any CPU
		{E9E1C34D-4B92-4149-A04B-E1BEE3FA7A67}.Release|x64.Build.0 = Release|Any CPU
		{E9E1C34D-4B92-4149-A04B-E1BEE3FA7A67}.Release|x64.Deploy.0 = Release|Any CPU
		{E9E1C34D-4B92-4149-A04B-E1BEE3FA7A67}.Release|x86.ActiveCfg = Release|x86
		{E9E1C34D-4B92-4149-A04B-E1BEE3FA7A67}.Release|x86.Build.0 = Release|x86
		{E9E1C34D-4B92-4149-A04B-E1BEE3FA7A67}.Release|x86.Deploy.0 = Release|x86
		{52BF3C47-E28A-4A41-B3A6-73860D5962B0}.Ad-Hoc|Any CPU.ActiveCfg = Release|Any CPU
		{52BF3C47-E28A-4A41-B3A6-73860D5962B0}.Ad-Hoc|Any CPU.Build.0 = Release|Any CPU
		{52BF3C47-E28A-4A41-B3A6-73860D5962B0}.Ad-Hoc|Any CPU.Deploy.0 = Release|Any CPU
		{52BF3C47-E28A-4A41-B3A6-73860D5962B0}.Ad-Hoc|ARM.ActiveCfg = Release|ARM
		{52BF3C47-E28A-4A41-B3A6-73860D5962B0}.Ad-Hoc|ARM.Build.0 = Release|ARM
		{52BF3C47-E28A-4A41-B3A6-73860D5962B0}.Ad-Hoc|ARM.Deploy.0 = Release|ARM
		{52BF3C47-E28A-4A41-B3A6-73860D5962B0}.Ad-Hoc|iPhone.ActiveCfg = Release|Any CPU
		{52BF3C47-E28A-4A41-B3A6-73860D5962B0}.Ad-Hoc|iPhone.Build.0 = Release|Any CPU
		{52BF3C47-E28A-4A41-B3A6-73860D5962B0}.Ad-Hoc|iPhone.Deploy.0 = Release|Any CPU
		{52BF3C47-E28A-4A41-B3A6-73860D5962B0}.Ad-Hoc|iPhoneSimulator.ActiveCfg = Release|Any CPU
		{52BF3C47-E28A-4A41-B3A6-73860D5962B0}.Ad-Hoc|iPhoneSimulator.Build.0 = Release|Any CPU
		{52BF3C47-E28A-4A41-B3A6-73860D5962B0}.Ad-Hoc|iPhoneSimulator.Deploy.0 = Release|Any CPU
		{52BF3C47-E28A-4A41-B3A6-73860D5962B0}.Ad-Hoc|x64.ActiveCfg = Release|x64
		{52BF3C47-E28A-4A41-B3A6-73860D5962B0}.Ad-Hoc|x64.Build.0 = Release|x64
		{52BF3C47-E28A-4A41-B3A6-73860D5962B0}.Ad-Hoc|x64.Deploy.0 = Release|x64
		{52BF3C47-E28A-4A41-B3A6-73860D5962B0}.Ad-Hoc|x86.ActiveCfg = Release|x86
		{52BF3C47-E28A-4A41-B3A6-73860D5962B0}.Ad-Hoc|x86.Build.0 = Release|x86
		{52BF3C47-E28A-4A41-B3A6-73860D5962B0}.Ad-Hoc|x86.Deploy.0 = Release|x86
		{52BF3C47-E28A-4A41-B3A6-73860D5962B0}.AppStore|Any CPU.ActiveCfg = Release|Any CPU
		{52BF3C47-E28A-4A41-B3A6-73860D5962B0}.AppStore|Any CPU.Build.0 = Release|Any CPU
		{52BF3C47-E28A-4A41-B3A6-73860D5962B0}.AppStore|Any CPU.Deploy.0 = Release|Any CPU
		{52BF3C47-E28A-4A41-B3A6-73860D5962B0}.AppStore|ARM.ActiveCfg = Release|ARM
		{52BF3C47-E28A-4A41-B3A6-73860D5962B0}.AppStore|ARM.Build.0 = Release|ARM
		{52BF3C47-E28A-4A41-B3A6-73860D5962B0}.AppStore|ARM.Deploy.0 = Release|ARM
		{52BF3C47-E28A-4A41-B3A6-73860D5962B0}.AppStore|iPhone.ActiveCfg = Release|Any CPU
		{52BF3C47-E28A-4A41-B3A6-73860D5962B0}.AppStore|iPhone.Build.0 = Release|Any CPU
		{52BF3C47-E28A-4A41-B3A6-73860D5962B0}.AppStore|iPhone.Deploy.0 = Release|Any CPU
		{52BF3C47-E28A-4A41-B3A6-73860D5962B0}.AppStore|iPhoneSimulator.ActiveCfg = Release|Any CPU
		{52BF3C47-E28A-4A41-B3A6-73860D5962B0}.AppStore|iPhoneSimulator.Build.0 = Release|Any CPU
		{52BF3C47-E28A-4A41-B3A6-73860D5962B0}.AppStore|iPhoneSimulator.Deploy.0 = Release|Any CPU
		{52BF3C47-E28A-4A41-B3A6-73860D5962B0}.AppStore|x64.ActiveCfg = Release|x64
		{52BF3C47-E28A-4A41-B3A6-73860D5962B0}.AppStore|x64.Build.0 = Release|x64
		{52BF3C47-E28A-4A41-B3A6-73860D5962B0}.AppStore|x64.Deploy.0 = Release|x64
		{52BF3C47-E28A-4A41-B3A6-73860D5962B0}.AppStore|x86.ActiveCfg = Release|x86
		{52BF3C47-E28A-4A41-B3A6-73860D5962B0}.AppStore|x86.Build.0 = Release|x86
		{52BF3C47-E28A-4A41-B3A6-73860D5962B0}.AppStore|x86.Deploy.0 = Release|x86
		{52BF3C47-E28A-4A41-B3A6-73860D5962B0}.Debug|Any CPU.ActiveCfg = Debug|Any CPU
		{52BF3C47-E28A-4A41-B3A6-73860D5962B0}.Debug|Any CPU.Build.0 = Debug|Any CPU
		{52BF3C47-E28A-4A41-B3A6-73860D5962B0}.Debug|Any CPU.Deploy.0 = Debug|Any CPU
		{52BF3C47-E28A-4A41-B3A6-73860D5962B0}.Debug|ARM.ActiveCfg = Debug|ARM
		{52BF3C47-E28A-4A41-B3A6-73860D5962B0}.Debug|ARM.Build.0 = Debug|ARM
		{52BF3C47-E28A-4A41-B3A6-73860D5962B0}.Debug|ARM.Deploy.0 = Debug|ARM
		{52BF3C47-E28A-4A41-B3A6-73860D5962B0}.Debug|iPhone.ActiveCfg = Debug|Any CPU
		{52BF3C47-E28A-4A41-B3A6-73860D5962B0}.Debug|iPhone.Build.0 = Debug|Any CPU
		{52BF3C47-E28A-4A41-B3A6-73860D5962B0}.Debug|iPhone.Deploy.0 = Debug|Any CPU
		{52BF3C47-E28A-4A41-B3A6-73860D5962B0}.Debug|iPhoneSimulator.ActiveCfg = Debug|Any CPU
		{52BF3C47-E28A-4A41-B3A6-73860D5962B0}.Debug|iPhoneSimulator.Build.0 = Debug|Any CPU
		{52BF3C47-E28A-4A41-B3A6-73860D5962B0}.Debug|iPhoneSimulator.Deploy.0 = Debug|Any CPU
		{52BF3C47-E28A-4A41-B3A6-73860D5962B0}.Debug|x64.ActiveCfg = Debug|x64
		{52BF3C47-E28A-4A41-B3A6-73860D5962B0}.Debug|x64.Build.0 = Debug|x64
		{52BF3C47-E28A-4A41-B3A6-73860D5962B0}.Debug|x64.Deploy.0 = Debug|x64
		{52BF3C47-E28A-4A41-B3A6-73860D5962B0}.Debug|x86.ActiveCfg = Debug|x86
		{52BF3C47-E28A-4A41-B3A6-73860D5962B0}.Debug|x86.Build.0 = Debug|x86
		{52BF3C47-E28A-4A41-B3A6-73860D5962B0}.Debug|x86.Deploy.0 = Debug|x86
		{52BF3C47-E28A-4A41-B3A6-73860D5962B0}.Release|Any CPU.ActiveCfg = Release|Any CPU
		{52BF3C47-E28A-4A41-B3A6-73860D5962B0}.Release|Any CPU.Build.0 = Release|Any CPU
		{52BF3C47-E28A-4A41-B3A6-73860D5962B0}.Release|Any CPU.Deploy.0 = Release|Any CPU
		{52BF3C47-E28A-4A41-B3A6-73860D5962B0}.Release|ARM.ActiveCfg = Release|ARM
		{52BF3C47-E28A-4A41-B3A6-73860D5962B0}.Release|ARM.Build.0 = Release|ARM
		{52BF3C47-E28A-4A41-B3A6-73860D5962B0}.Release|ARM.Deploy.0 = Release|ARM
		{52BF3C47-E28A-4A41-B3A6-73860D5962B0}.Release|iPhone.ActiveCfg = Release|Any CPU
		{52BF3C47-E28A-4A41-B3A6-73860D5962B0}.Release|iPhone.Build.0 = Release|Any CPU
		{52BF3C47-E28A-4A41-B3A6-73860D5962B0}.Release|iPhone.Deploy.0 = Release|Any CPU
		{52BF3C47-E28A-4A41-B3A6-73860D5962B0}.Release|iPhoneSimulator.ActiveCfg = Release|Any CPU
		{52BF3C47-E28A-4A41-B3A6-73860D5962B0}.Release|iPhoneSimulator.Build.0 = Release|Any CPU
		{52BF3C47-E28A-4A41-B3A6-73860D5962B0}.Release|iPhoneSimulator.Deploy.0 = Release|Any CPU
		{52BF3C47-E28A-4A41-B3A6-73860D5962B0}.Release|x64.ActiveCfg = Release|x64
		{52BF3C47-E28A-4A41-B3A6-73860D5962B0}.Release|x64.Build.0 = Release|x64
		{52BF3C47-E28A-4A41-B3A6-73860D5962B0}.Release|x64.Deploy.0 = Release|x64
		{52BF3C47-E28A-4A41-B3A6-73860D5962B0}.Release|x86.ActiveCfg = Release|x86
		{52BF3C47-E28A-4A41-B3A6-73860D5962B0}.Release|x86.Build.0 = Release|x86
		{52BF3C47-E28A-4A41-B3A6-73860D5962B0}.Release|x86.Deploy.0 = Release|x86
		{9C94F49A-0F6A-4A7A-AF45-942623FA3BFC}.Ad-Hoc|Any CPU.ActiveCfg = Release|Any CPU
		{9C94F49A-0F6A-4A7A-AF45-942623FA3BFC}.Ad-Hoc|Any CPU.Build.0 = Release|Any CPU
		{9C94F49A-0F6A-4A7A-AF45-942623FA3BFC}.Ad-Hoc|ARM.ActiveCfg = Release|Any CPU
		{9C94F49A-0F6A-4A7A-AF45-942623FA3BFC}.Ad-Hoc|ARM.Build.0 = Release|Any CPU
		{9C94F49A-0F6A-4A7A-AF45-942623FA3BFC}.Ad-Hoc|iPhone.ActiveCfg = Release|Any CPU
		{9C94F49A-0F6A-4A7A-AF45-942623FA3BFC}.Ad-Hoc|iPhone.Build.0 = Release|Any CPU
		{9C94F49A-0F6A-4A7A-AF45-942623FA3BFC}.Ad-Hoc|iPhoneSimulator.ActiveCfg = Release|Any CPU
		{9C94F49A-0F6A-4A7A-AF45-942623FA3BFC}.Ad-Hoc|iPhoneSimulator.Build.0 = Release|Any CPU
		{9C94F49A-0F6A-4A7A-AF45-942623FA3BFC}.Ad-Hoc|x64.ActiveCfg = Release|Any CPU
		{9C94F49A-0F6A-4A7A-AF45-942623FA3BFC}.Ad-Hoc|x64.Build.0 = Release|Any CPU
		{9C94F49A-0F6A-4A7A-AF45-942623FA3BFC}.Ad-Hoc|x86.ActiveCfg = Release|Any CPU
		{9C94F49A-0F6A-4A7A-AF45-942623FA3BFC}.Ad-Hoc|x86.Build.0 = Release|Any CPU
		{9C94F49A-0F6A-4A7A-AF45-942623FA3BFC}.AppStore|Any CPU.ActiveCfg = Release|Any CPU
		{9C94F49A-0F6A-4A7A-AF45-942623FA3BFC}.AppStore|Any CPU.Build.0 = Release|Any CPU
		{9C94F49A-0F6A-4A7A-AF45-942623FA3BFC}.AppStore|ARM.ActiveCfg = Release|Any CPU
		{9C94F49A-0F6A-4A7A-AF45-942623FA3BFC}.AppStore|ARM.Build.0 = Release|Any CPU
		{9C94F49A-0F6A-4A7A-AF45-942623FA3BFC}.AppStore|iPhone.ActiveCfg = Release|Any CPU
		{9C94F49A-0F6A-4A7A-AF45-942623FA3BFC}.AppStore|iPhone.Build.0 = Release|Any CPU
		{9C94F49A-0F6A-4A7A-AF45-942623FA3BFC}.AppStore|iPhoneSimulator.ActiveCfg = Release|Any CPU
		{9C94F49A-0F6A-4A7A-AF45-942623FA3BFC}.AppStore|iPhoneSimulator.Build.0 = Release|Any CPU
		{9C94F49A-0F6A-4A7A-AF45-942623FA3BFC}.AppStore|x64.ActiveCfg = Release|Any CPU
		{9C94F49A-0F6A-4A7A-AF45-942623FA3BFC}.AppStore|x64.Build.0 = Release|Any CPU
		{9C94F49A-0F6A-4A7A-AF45-942623FA3BFC}.AppStore|x86.ActiveCfg = Release|Any CPU
		{9C94F49A-0F6A-4A7A-AF45-942623FA3BFC}.AppStore|x86.Build.0 = Release|Any CPU
		{9C94F49A-0F6A-4A7A-AF45-942623FA3BFC}.Debug|Any CPU.ActiveCfg = Debug|Any CPU
		{9C94F49A-0F6A-4A7A-AF45-942623FA3BFC}.Debug|Any CPU.Build.0 = Debug|Any CPU
		{9C94F49A-0F6A-4A7A-AF45-942623FA3BFC}.Debug|ARM.ActiveCfg = Debug|Any CPU
		{9C94F49A-0F6A-4A7A-AF45-942623FA3BFC}.Debug|ARM.Build.0 = Debug|Any CPU
		{9C94F49A-0F6A-4A7A-AF45-942623FA3BFC}.Debug|iPhone.ActiveCfg = Debug|Any CPU
		{9C94F49A-0F6A-4A7A-AF45-942623FA3BFC}.Debug|iPhone.Build.0 = Debug|Any CPU
		{9C94F49A-0F6A-4A7A-AF45-942623FA3BFC}.Debug|iPhoneSimulator.ActiveCfg = Debug|Any CPU
		{9C94F49A-0F6A-4A7A-AF45-942623FA3BFC}.Debug|iPhoneSimulator.Build.0 = Debug|Any CPU
		{9C94F49A-0F6A-4A7A-AF45-942623FA3BFC}.Debug|x64.ActiveCfg = Debug|Any CPU
		{9C94F49A-0F6A-4A7A-AF45-942623FA3BFC}.Debug|x64.Build.0 = Debug|Any CPU
		{9C94F49A-0F6A-4A7A-AF45-942623FA3BFC}.Debug|x86.ActiveCfg = Debug|Any CPU
		{9C94F49A-0F6A-4A7A-AF45-942623FA3BFC}.Debug|x86.Build.0 = Debug|Any CPU
		{9C94F49A-0F6A-4A7A-AF45-942623FA3BFC}.Release|Any CPU.ActiveCfg = Release|Any CPU
		{9C94F49A-0F6A-4A7A-AF45-942623FA3BFC}.Release|Any CPU.Build.0 = Release|Any CPU
		{9C94F49A-0F6A-4A7A-AF45-942623FA3BFC}.Release|ARM.ActiveCfg = Release|Any CPU
		{9C94F49A-0F6A-4A7A-AF45-942623FA3BFC}.Release|ARM.Build.0 = Release|Any CPU
		{9C94F49A-0F6A-4A7A-AF45-942623FA3BFC}.Release|iPhone.ActiveCfg = Release|Any CPU
		{9C94F49A-0F6A-4A7A-AF45-942623FA3BFC}.Release|iPhone.Build.0 = Release|Any CPU
		{9C94F49A-0F6A-4A7A-AF45-942623FA3BFC}.Release|iPhoneSimulator.ActiveCfg = Release|Any CPU
		{9C94F49A-0F6A-4A7A-AF45-942623FA3BFC}.Release|iPhoneSimulator.Build.0 = Release|Any CPU
		{9C94F49A-0F6A-4A7A-AF45-942623FA3BFC}.Release|x64.ActiveCfg = Release|Any CPU
		{9C94F49A-0F6A-4A7A-AF45-942623FA3BFC}.Release|x64.Build.0 = Release|Any CPU
		{9C94F49A-0F6A-4A7A-AF45-942623FA3BFC}.Release|x86.ActiveCfg = Release|Any CPU
		{9C94F49A-0F6A-4A7A-AF45-942623FA3BFC}.Release|x86.Build.0 = Release|Any CPU
	EndGlobalSection
	GlobalSection(SolutionProperties) = preSolution
		HideSolutionNode = FALSE
	EndGlobalSection
EndGlobal
